
Microsoft Visual Studio Solution File, Format Version 12.00
# Visual Studio 14
VisualStudioVersion = 14.0.24720.0
MinimumVisualStudioVersion = 10.0.40219.1
Project("{FAE04EC0-301F-11D3-BF4B-00C04F79EFBC}") = "GitHubBuild", "GitHubBuild\GitHubBuild.csproj", "{685F4D54-A7FB-4139-9408-CEC3C338B31A}"
EndProject
Project("{FAE04EC0-301F-11D3-BF4B-00C04F79EFBC}") = "GitHubBuild.Tests", "GitHubBuild.Tests\GitHubBuild.Tests.csproj", "{2243CE4B-F413-4153-9905-D185E3DDEA0F}"
EndProject
Global
	GlobalSection(SolutionConfigurationPlatforms) = preSolution
		Debug|Any CPU = Debug|Any CPU
		Release|Any CPU = Release|Any CPU
	EndGlobalSection
	GlobalSection(ProjectConfigurationPlatforms) = postSolution
		{685F4D54-A7FB-4139-9408-CEC3C338B31A}.Debug|Any CPU.ActiveCfg = Debug|Any CPU
		{685F4D54-A7FB-4139-9408-CEC3C338B31A}.Debug|Any CPU.Build.0 = Debug|Any CPU
		{685F4D54-A7FB-4139-9408-CEC3C338B31A}.Release|Any CPU.ActiveCfg = Release|Any CPU
		{685F4D54-A7FB-4139-9408-CEC3C338B31A}.Release|Any CPU.Build.0 = Release|Any CPU
		{2243CE4B-F413-4153-9905-D185E3DDEA0F}.Debug|Any CPU.ActiveCfg = Debug|Any CPU
		{2243CE4B-F413-4153-9905-D185E3DDEA0F}.Debug|Any CPU.Build.0 = Debug|Any CPU
		{2243CE4B-F413-4153-9905-D185E3DDEA0F}.Release|Any CPU.ActiveCfg = Release|Any CPU
		{2243CE4B-F413-4153-9905-D185E3DDEA0F}.Release|Any CPU.Build.0 = Release|Any CPU
	EndGlobalSection
	GlobalSection(SolutionProperties) = preSolution
		HideSolutionNode = FALSE
	EndGlobalSection
EndGlobal
